{
  "name": "@thzero/library_server_service_discovery_mdns",
  "version": "0.18.0",
  "lockfileVersion": 3,
  "requires": true,
  "packages": {
    "": {
      "name": "@thzero/library_server_service_discovery_mdns",
      "version": "0.18.0",
      "license": "MIT",
      "dependencies": {
        "@homebridge/ciao": "^1.1.8",
        "consul": "^1.2.0"
      },
      "engines": {
        "node": ">=12.8.3"
      },
      "peerDependencies": {
        "@thzero/library_common": "^0.18",
        "@thzero/library_common_service": "^0.18",
        "@thzero/library_server": "^0.18"
      }
    },
    "node_modules/@godaddy/terminus": {
      "version": "4.12.1",
      "resolved": "https://registry.npmjs.org/@godaddy/terminus/-/terminus-4.12.1.tgz",
      "integrity": "sha512-Tm+wVu1/V37uZXcT7xOhzdpFoovQReErff8x3y82k6YyWa1gzxWBjTyrx4G2enjEqoXPnUUmJ3MOmwH+TiP6Sw==",
      "peer": true,
      "dependencies": {
        "stoppable": "^1.1.0"
      }
    },
    "node_modules/@homebridge/ciao": {
      "version": "1.1.8",
      "resolved": "https://registry.npmjs.org/@homebridge/ciao/-/ciao-1.1.8.tgz",
      "integrity": "sha512-Atn8+vwYtfI/J6nYCOVm4uVBAmiQO4rPi0umVbh766cf/OsVxQ+Qedbo9lxIf15iDsMbBlDV7T1wATdHqI5lXw==",
      "dependencies": {
        "debug": "^4.3.4",
        "fast-deep-equal": "^3.1.3",
        "source-map-support": "^0.5.21",
        "tslib": "^2.6.2"
      },
      "bin": {
        "ciao-bcs": "lib/bonjour-conformance-testing.js"
      },
      "engines": {
        "node": ">=14"
      }
    },
    "node_modules/@thzero/library_common": {
      "version": "0.18.1",
      "resolved": "https://registry.npmjs.org/@thzero/library_common/-/library_common-0.18.1.tgz",
      "integrity": "sha512-z87rNHww0gLsBbFtXwdz1/0SFdQmVmSw3gtxgskAGjAai2yB9WfACWksGaeEdpjzfJMftEQZFWieEyi15E8ZGA==",
      "peer": true,
      "dependencies": {
        "@thzero/library_id_nanoid": "^0.18",
        "dayjs": "^1.11.10",
        "dayjs-plugin-utc": "^0.1.2",
        "lodash-es": "^4.17.21"
      }
    },
    "node_modules/@thzero/library_common_service": {
      "version": "0.18.1",
      "resolved": "https://registry.npmjs.org/@thzero/library_common_service/-/library_common_service-0.18.1.tgz",
      "integrity": "sha512-P9B6+YUZ1GMma3fxZxYRk1YLcsp9klLlA74iZnl6Zjo1EJSOajWe/zA3OL6eNxjNRW0hNoUXVA17jXBpLZz54w==",
      "peer": true,
      "peerDependencies": {
        "@thzero/library_common": "^0.18"
      }
    },
    "node_modules/@thzero/library_id_nanoid": {
      "version": "0.18.1",
      "resolved": "https://registry.npmjs.org/@thzero/library_id_nanoid/-/library_id_nanoid-0.18.1.tgz",
      "integrity": "sha512-vjXnmBriSpyPoYlUwd39pFLd56KIk0vFOvPgxH2AYViJHW53BeNTRd9kyXRjGYYyxhPquDCjTmeD4zPunC/b/A==",
      "peer": true,
      "dependencies": {
        "nanoid": "^5.0.6"
      }
    },
    "node_modules/@thzero/library_server": {
      "version": "0.18.2",
      "resolved": "https://registry.npmjs.org/@thzero/library_server/-/library_server-0.18.2.tgz",
      "integrity": "sha512-MJgR9Ci1yXSanxrvU5Wos30X+IUrscJ5C7VRQ1oqgkhpTFwoswbgDFAQNbRkcFKOh/dVWfMSCdopfiBw0hfciA==",
      "peer": true,
      "dependencies": {
        "@godaddy/terminus": "^4.12.1",
        "async-mutex": "^0.4.1",
        "config": "^3.3.11",
        "default-gateway": "^7.2.2",
        "easy-rbac": "^3.2.0",
        "ipaddr.js": "^2.1.0"
      },
      "engines": {
        "node": ">=12.8.3"
      },
      "peerDependencies": {
        "@thzero/library_common": "^0.18",
        "@thzero/library_common_service": "^0.18"
      }
    },
    "node_modules/async-mutex": {
      "version": "0.4.1",
      "resolved": "https://registry.npmjs.org/async-mutex/-/async-mutex-0.4.1.tgz",
      "integrity": "sha512-WfoBo4E/TbCX1G95XTjbWTE3X2XLG0m1Xbv2cwOtuPdyH9CZvnaA5nCt1ucjaKEgW2A5IF71hxrRhr83Je5xjA==",
      "peer": true,
      "dependencies": {
        "tslib": "^2.4.0"
      }
    },
    "node_modules/buffer-from": {
      "version": "1.1.2",
      "resolved": "https://registry.npmjs.org/buffer-from/-/buffer-from-1.1.2.tgz",
      "integrity": "sha512-E+XQCRwSbaaiChtv6k6Dwgc+bx+Bs6vuKJHHl5kox/BaKbhiXzqQOwK4cO22yElGp2OCmjwVhT3HmxgyPGnJfQ=="
    },
    "node_modules/config": {
      "version": "3.3.11",
      "resolved": "https://registry.npmjs.org/config/-/config-3.3.11.tgz",
      "integrity": "sha512-Dhn63ZoWCW5EMg4P0Sl/XNsj/7RLiUIA1x1npCy+m2cRwRHzLnt3UtYtxRDMZW/6oOMdWhCzaGYkOcajGgrAOA==",
      "peer": true,
      "dependencies": {
        "json5": "^2.2.3"
      },
      "engines": {
        "node": ">= 10.0.0"
      }
    },
    "node_modules/consul": {
      "version": "1.2.0",
      "resolved": "https://registry.npmjs.org/consul/-/consul-1.2.0.tgz",
      "integrity": "sha512-xWMEDRszShfzKI7XQKq12gr3359VUHUFOrAC2ETNpNe8PFO6AUnY0sbscB7JW5WhUEfuveDcI5ScYqM//20bow==",
      "dependencies": {
        "papi": "^1.1.0"
      }
    },
    "node_modules/cross-spawn": {
      "version": "7.0.3",
      "resolved": "https://registry.npmjs.org/cross-spawn/-/cross-spawn-7.0.3.tgz",
      "integrity": "sha512-iRDPJKUPVEND7dHPO8rkbOnPpyDygcDFtWjpeWNCgy8WP2rXcxXL8TskReQl6OrB2G7+UJrags1q15Fudc7G6w==",
      "peer": true,
      "dependencies": {
        "path-key": "^3.1.0",
        "shebang-command": "^2.0.0",
        "which": "^2.0.1"
      },
      "engines": {
        "node": ">= 8"
      }
    },
    "node_modules/dayjs": {
      "version": "1.11.10",
      "resolved": "https://registry.npmjs.org/dayjs/-/dayjs-1.11.10.tgz",
      "integrity": "sha512-vjAczensTgRcqDERK0SR2XMwsF/tSvnvlv6VcF2GIhg6Sx4yOIt/irsr1RDJsKiIyBzJDpCoXiWWq28MqH2cnQ==",
      "peer": true
    },
    "node_modules/dayjs-plugin-utc": {
      "version": "0.1.2",
      "resolved": "https://registry.npmjs.org/dayjs-plugin-utc/-/dayjs-plugin-utc-0.1.2.tgz",
      "integrity": "sha512-ExERH5o3oo6jFOdkvMP3gytTCQ9Ksi5PtylclJWghr7k7m3o2U5QrwtdiJkOxLOH4ghr0EKhpqGefzGz1VvVJg==",
      "peer": true
    },
    "node_modules/debug": {
      "version": "4.3.4",
      "resolved": "https://registry.npmjs.org/debug/-/debug-4.3.4.tgz",
      "integrity": "sha512-PRWFHuSU3eDtQJPvnNY7Jcket1j0t5OuOsFzPPzsekD52Zl8qUfFIPEiswXqIvHWGVHOgX+7G/vCNNhehwxfkQ==",
      "dependencies": {
        "ms": "2.1.2"
      },
      "engines": {
        "node": ">=6.0"
      },
      "peerDependenciesMeta": {
        "supports-color": {
          "optional": true
        }
      }
    },
    "node_modules/default-gateway": {
      "version": "7.2.2",
      "resolved": "https://registry.npmjs.org/default-gateway/-/default-gateway-7.2.2.tgz",
      "integrity": "sha512-AD7TrdNNPXRZIGw63dw+lnGmT4v7ggZC5NHNJgAYWm5njrwoze1q5JSAW9YuLy2tjnoLUG/r8FEB93MCh9QJPg==",
      "peer": true,
      "dependencies": {
        "execa": "^7.1.1"
      },
      "engines": {
        "node": ">= 16"
      }
    },
    "node_modules/easy-rbac": {
      "version": "3.2.0",
      "resolved": "https://registry.npmjs.org/easy-rbac/-/easy-rbac-3.2.0.tgz",
      "integrity": "sha512-cRBiDCWPg0QwTwR98lDFkar0ZpDXk7MWGxhqvnkXcPDPu0jtq82uRroxErgr3O78hgqWZ6BGcqYJRyyHD5Hl+A==",
      "peer": true,
      "dependencies": {
        "debug": "^4.3.3"
      },
      "engines": {
        "node": ">=10.0"
      }
    },
    "node_modules/execa": {
      "version": "7.2.0",
      "resolved": "https://registry.npmjs.org/execa/-/execa-7.2.0.tgz",
      "integrity": "sha512-UduyVP7TLB5IcAQl+OzLyLcS/l32W/GLg+AhHJ+ow40FOk2U3SAllPwR44v4vmdFwIWqpdwxxpQbF1n5ta9seA==",
      "peer": true,
      "dependencies": {
        "cross-spawn": "^7.0.3",
        "get-stream": "^6.0.1",
        "human-signals": "^4.3.0",
        "is-stream": "^3.0.0",
        "merge-stream": "^2.0.0",
        "npm-run-path": "^5.1.0",
        "onetime": "^6.0.0",
        "signal-exit": "^3.0.7",
        "strip-final-newline": "^3.0.0"
      },
      "engines": {
        "node": "^14.18.0 || ^16.14.0 || >=18.0.0"
      },
      "funding": {
        "url": "https://github.com/sindresorhus/execa?sponsor=1"
      }
    },
    "node_modules/fast-deep-equal": {
      "version": "3.1.3",
      "resolved": "https://registry.npmjs.org/fast-deep-equal/-/fast-deep-equal-3.1.3.tgz",
      "integrity": "sha512-f3qQ9oQy9j2AhBe/H9VC91wLmKBCCU/gDOnKNAYG5hswO7BLKj09Hc5HYNz9cGI++xlpDCIgDaitVs03ATR84Q=="
    },
    "node_modules/get-stream": {
      "version": "6.0.1",
      "resolved": "https://registry.npmjs.org/get-stream/-/get-stream-6.0.1.tgz",
      "integrity": "sha512-ts6Wi+2j3jQjqi70w5AlN8DFnkSwC+MqmxEzdEALB2qXZYV3X/b1CTfgPLGJNMeAWxdPfU8FO1ms3NUfaHCPYg==",
      "peer": true,
      "engines": {
        "node": ">=10"
      },
      "funding": {
        "url": "https://github.com/sponsors/sindresorhus"
      }
    },
    "node_modules/human-signals": {
      "version": "4.3.1",
      "resolved": "https://registry.npmjs.org/human-signals/-/human-signals-4.3.1.tgz",
      "integrity": "sha512-nZXjEF2nbo7lIw3mgYjItAfgQXog3OjJogSbKa2CQIIvSGWcKgeJnQlNXip6NglNzYH45nSRiEVimMvYL8DDqQ==",
      "peer": true,
      "engines": {
        "node": ">=14.18.0"
      }
    },
    "node_modules/ipaddr.js": {
      "version": "2.1.0",
      "resolved": "https://registry.npmjs.org/ipaddr.js/-/ipaddr.js-2.1.0.tgz",
      "integrity": "sha512-LlbxQ7xKzfBusov6UMi4MFpEg0m+mAm9xyNGEduwXMEDuf4WfzB/RZwMVYEd7IKGvh4IUkEXYxtAVu9T3OelJQ==",
      "peer": true,
      "engines": {
        "node": ">= 10"
      }
    },
    "node_modules/is-stream": {
      "version": "3.0.0",
      "resolved": "https://registry.npmjs.org/is-stream/-/is-stream-3.0.0.tgz",
      "integrity": "sha512-LnQR4bZ9IADDRSkvpqMGvt/tEJWclzklNgSw48V5EAaAeDd6qGvN8ei6k5p0tvxSR171VmGyHuTiAOfxAbr8kA==",
      "peer": true,
      "engines": {
        "node": "^12.20.0 || ^14.13.1 || >=16.0.0"
      },
      "funding": {
        "url": "https://github.com/sponsors/sindresorhus"
      }
    },
    "node_modules/isexe": {
      "version": "2.0.0",
      "resolved": "https://registry.npmjs.org/isexe/-/isexe-2.0.0.tgz",
      "integrity": "sha512-RHxMLp9lnKHGHRng9QFhRCMbYAcVpn69smSGcq3f36xjgVVWThj4qqLbTLlq7Ssj8B+fIQ1EuCEGI2lKsyQeIw==",
      "peer": true
    },
    "node_modules/json5": {
      "version": "2.2.3",
      "resolved": "https://registry.npmjs.org/json5/-/json5-2.2.3.tgz",
      "integrity": "sha512-XmOWe7eyHYH14cLdVPoyg+GOH3rYX++KpzrylJwSW98t3Nk+U8XOl8FWKOgwtzdb8lXGf6zYwDUzeHMWfxasyg==",
      "peer": true,
      "bin": {
        "json5": "lib/cli.js"
      },
      "engines": {
        "node": ">=6"
      }
    },
    "node_modules/lodash-es": {
      "version": "4.17.21",
      "resolved": "https://registry.npmjs.org/lodash-es/-/lodash-es-4.17.21.tgz",
      "integrity": "sha512-mKnC+QJ9pWVzv+C4/U3rRsHapFfHvQFoFB92e52xeyGMcX6/OlIl78je1u8vePzYZSkkogMPJ2yjxxsb89cxyw==",
      "peer": true
    },
    "node_modules/merge-stream": {
      "version": "2.0.0",
      "resolved": "https://registry.npmjs.org/merge-stream/-/merge-stream-2.0.0.tgz",
      "integrity": "sha512-abv/qOcuPfk3URPfDzmZU1LKmuw8kT+0nIHvKrKgFrwifol/doWcdA4ZqsWQ8ENrFKkd67Mfpo/LovbIUsbt3w==",
      "peer": true
    },
    "node_modules/mimic-fn": {
      "version": "4.0.0",
      "resolved": "https://registry.npmjs.org/mimic-fn/-/mimic-fn-4.0.0.tgz",
      "integrity": "sha512-vqiC06CuhBTUdZH+RYl8sFrL096vA45Ok5ISO6sE/Mr1jRbGH4Csnhi8f3wKVl7x8mO4Au7Ir9D3Oyv1VYMFJw==",
      "peer": true,
      "engines": {
        "node": ">=12"
      },
      "funding": {
        "url": "https://github.com/sponsors/sindresorhus"
      }
    },
    "node_modules/ms": {
      "version": "2.1.2",
      "resolved": "https://registry.npmjs.org/ms/-/ms-2.1.2.tgz",
      "integrity": "sha512-sGkPx+VjMtmA6MX27oA4FBFELFCZZ4S4XqeGOXCv68tT+jb3vk/RyaKWP0PTKyWtmLSM0b+adUTEvbs1PEaH2w=="
    },
    "node_modules/nanoid": {
      "version": "5.0.6",
      "resolved": "https://registry.npmjs.org/nanoid/-/nanoid-5.0.6.tgz",
      "integrity": "sha512-rRq0eMHoGZxlvaFOUdK1Ev83Bd1IgzzR+WJ3IbDJ7QOSdAxYjlurSPqFs9s4lJg29RT6nPwizFtJhQS6V5xgiA==",
      "funding": [
        {
          "type": "github",
          "url": "https://github.com/sponsors/ai"
        }
      ],
      "peer": true,
      "bin": {
        "nanoid": "bin/nanoid.js"
      },
      "engines": {
        "node": "^18 || >=20"
      }
    },
    "node_modules/npm-run-path": {
      "version": "5.3.0",
      "resolved": "https://registry.npmjs.org/npm-run-path/-/npm-run-path-5.3.0.tgz",
      "integrity": "sha512-ppwTtiJZq0O/ai0z7yfudtBpWIoxM8yE6nHi1X47eFR2EWORqfbu6CnPlNsjeN683eT0qG6H/Pyf9fCcvjnnnQ==",
      "peer": true,
      "dependencies": {
        "path-key": "^4.0.0"
      },
      "engines": {
        "node": "^12.20.0 || ^14.13.1 || >=16.0.0"
      },
      "funding": {
        "url": "https://github.com/sponsors/sindresorhus"
      }
    },
    "node_modules/npm-run-path/node_modules/path-key": {
      "version": "4.0.0",
      "resolved": "https://registry.npmjs.org/path-key/-/path-key-4.0.0.tgz",
      "integrity": "sha512-haREypq7xkM7ErfgIyA0z+Bj4AGKlMSdlQE2jvJo6huWD1EdkKYV+G/T4nq0YEF2vgTT8kqMFKo1uHn950r4SQ==",
      "peer": true,
      "engines": {
        "node": ">=12"
      },
      "funding": {
        "url": "https://github.com/sponsors/sindresorhus"
      }
    },
    "node_modules/onetime": {
      "version": "6.0.0",
      "resolved": "https://registry.npmjs.org/onetime/-/onetime-6.0.0.tgz",
      "integrity": "sha512-1FlR+gjXK7X+AsAHso35MnyN5KqGwJRi/31ft6x0M194ht7S+rWAvd7PHss9xSKMzE0asv1pyIHaJYq+BbacAQ==",
      "peer": true,
      "dependencies": {
        "mimic-fn": "^4.0.0"
      },
      "engines": {
        "node": ">=12"
      },
      "funding": {
        "url": "https://github.com/sponsors/sindresorhus"
      }
    },
    "node_modules/papi": {
      "version": "1.1.2",
      "resolved": "https://registry.npmjs.org/papi/-/papi-1.1.2.tgz",
      "integrity": "sha512-cwM6pPpfAYgPe3EQi23SmB5J5s4XFS9lou9z63I5BbnMGmFaR8LAKvKboW7n1IUAKj76OtnyK0YU16JjnZrqVg==",
      "engines": {
        "node": ">=10.0.0"
      }
    },
    "node_modules/path-key": {
      "version": "3.1.1",
      "resolved": "https://registry.npmjs.org/path-key/-/path-key-3.1.1.tgz",
      "integrity": "sha512-ojmeN0qd+y0jszEtoY48r0Peq5dwMEkIlCOu6Q5f41lfkswXuKtYrhgoTpLnyIcHm24Uhqx+5Tqm2InSwLhE6Q==",
      "peer": true,
      "engines": {
        "node": ">=8"
      }
    },
    "node_modules/shebang-command": {
      "version": "2.0.0",
      "resolved": "https://registry.npmjs.org/shebang-command/-/shebang-command-2.0.0.tgz",
      "integrity": "sha512-kHxr2zZpYtdmrN1qDjrrX/Z1rR1kG8Dx+gkpK1G4eXmvXswmcE1hTWBWYUzlraYw1/yZp6YuDY77YtvbN0dmDA==",
      "peer": true,
      "dependencies": {
        "shebang-regex": "^3.0.0"
      },
      "engines": {
        "node": ">=8"
      }
    },
    "node_modules/shebang-regex": {
      "version": "3.0.0",
      "resolved": "https://registry.npmjs.org/shebang-regex/-/shebang-regex-3.0.0.tgz",
      "integrity": "sha512-7++dFhtcx3353uBaq8DDR4NuxBetBzC7ZQOhmTQInHEd6bSrXdiEyzCvG07Z44UYdLShWUyXt5M/yhz8ekcb1A==",
      "peer": true,
      "engines": {
        "node": ">=8"
      }
    },
    "node_modules/signal-exit": {
      "version": "3.0.7",
      "resolved": "https://registry.npmjs.org/signal-exit/-/signal-exit-3.0.7.tgz",
      "integrity": "sha512-wnD2ZE+l+SPC/uoS0vXeE9L1+0wuaMqKlfz9AMUo38JsyLSBWSFcHR1Rri62LZc12vLr1gb3jl7iwQhgwpAbGQ==",
      "peer": true
    },
    "node_modules/source-map": {
      "version": "0.6.1",
      "resolved": "https://registry.npmjs.org/source-map/-/source-map-0.6.1.tgz",
      "integrity": "sha512-UjgapumWlbMhkBgzT7Ykc5YXUT46F0iKu8SGXq0bcwP5dz/h0Plj6enJqjz1Zbq2l5WaqYnrVbwWOWMyF3F47g==",
      "engines": {
        "node": ">=0.10.0"
      }
    },
    "node_modules/source-map-support": {
      "version": "0.5.21",
      "resolved": "https://registry.npmjs.org/source-map-support/-/source-map-support-0.5.21.tgz",
      "integrity": "sha512-uBHU3L3czsIyYXKX88fdrGovxdSCoTGDRZ6SYXtSRxLZUzHg5P/66Ht6uoUlHu9EZod+inXhKo3qQgwXUT/y1w==",
      "dependencies": {
        "buffer-from": "^1.0.0",
        "source-map": "^0.6.0"
      }
    },
    "node_modules/stoppable": {
      "version": "1.1.0",
      "resolved": "https://registry.npmjs.org/stoppable/-/stoppable-1.1.0.tgz",
      "integrity": "sha512-KXDYZ9dszj6bzvnEMRYvxgeTHU74QBFL54XKtP3nyMuJ81CFYtABZ3bAzL2EdFUaEwJOBOgENyFj3R7oTzDyyw==",
      "peer": true,
      "engines": {
        "node": ">=4",
        "npm": ">=6"
      }
    },
    "node_modules/strip-final-newline": {
      "version": "3.0.0",
      "resolved": "https://registry.npmjs.org/strip-final-newline/-/strip-final-newline-3.0.0.tgz",
      "integrity": "sha512-dOESqjYr96iWYylGObzd39EuNTa5VJxyvVAEm5Jnh7KGo75V43Hk1odPQkNDyXNmUR6k+gEiDVXnjB8HJ3crXw==",
      "peer": true,
      "engines": {
        "node": ">=12"
      },
      "funding": {
        "url": "https://github.com/sponsors/sindresorhus"
      }
    },
    "node_modules/tslib": {
      "version": "2.6.2",
      "resolved": "https://registry.npmjs.org/tslib/-/tslib-2.6.2.tgz",
      "integrity": "sha512-AEYxH93jGFPn/a2iVAwW87VuUIkR1FVUKB77NwMF7nBTDkDrrT/Hpt/IrCJ0QXhW27jTBDcf5ZY7w6RiqTMw2Q=="
    },
    "node_modules/which": {
      "version": "2.0.2",
      "resolved": "https://registry.npmjs.org/which/-/which-2.0.2.tgz",
      "integrity": "sha512-BLI3Tl1TW3Pvl70l3yq3Y64i+awpwXqsGBYWkkqMtnbXgrMD+yj7rhW0kuEDxzJaYXGjEW5ogapKNMEKNMjibA==",
      "peer": true,
      "dependencies": {
        "isexe": "^2.0.0"
      },
      "bin": {
        "node-which": "bin/node-which"
      },
      "engines": {
        "node": ">= 8"
      }
    }
  }
}
